{
  "name": "mindy",
  "version": "1.0.0",
  "lockfileVersion": 2,
  "requires": true,
  "packages": {
    "": {
      "name": "mindy",
      "version": "1.0.0",
      "license": "MIT",
      "dependencies": {
        "simple-fonts": "github:niklauslee/simple-fonts",
        "st7735": "github:niklauslee/st7735",
        "st7789": "github:niklauslee/st7789"
      }
    },
    "node_modules/simple-fonts": {
      "version": "1.0.0",
      "resolved": "git+ssh://git@github.com/niklauslee/simple-fonts.git#3468836d918214eeadfe783e13c084a339a05fd3"
    },
    "node_modules/st7735": {
      "version": "1.1.0",
      "resolved": "git+ssh://git@github.com/niklauslee/st7735.git#31e01736293e8eda06d6d65187b98bd3b59ab40f"
    },
    "node_modules/st7789": {
      "version": "1.0.0",
      "resolved": "git+ssh://git@github.com/niklauslee/st7789.git#862a927345c4c957e44dbe009237d8905a254a4f",
      "dependencies": {
        "simple-fonts": "git+https://github.com/niklauslee/simple-fonts.git"
      }
    }
  },
  "dependencies": {
    "simple-fonts": {
      "version": "git+ssh://git@github.com/niklauslee/simple-fonts.git#3468836d918214eeadfe783e13c084a339a05fd3",
      "from": "simple-fonts@github:niklauslee/simple-fonts"
    },
    "st7735": {
      "version": "git+ssh://git@github.com/niklauslee/st7735.git#31e01736293e8eda06d6d65187b98bd3b59ab40f",
      "from": "st7735@github:niklauslee/st7735"
    },
    "st7789": {
      "version": "git+ssh://git@github.com/niklauslee/st7789.git#862a927345c4c957e44dbe009237d8905a254a4f",
      "from": "st7789@github:niklauslee/st7789",
      "requires": {
        "simple-fonts": "git+https://github.com/niklauslee/simple-fonts.git"
      }
    }
  }
}
